
Microsoft Visual Studio Solution File, Format Version 12.00
# Visual Studio Version 16
VisualStudioVersion = 16.0.31205.134
MinimumVisualStudioVersion = 10.0.40219.1
Project("{2150E333-8FDC-42A3-9474-1A3956D46DE8}") = "Desktop", "Desktop", "{F83C672E-A566-4647-A6A8-DC079B7C6BBA}"
EndProject
Project("{2150E333-8FDC-42A3-9474-1A3956D46DE8}") = "Web", "Web", "{EEA60D45-EC49-4040-B2A2-0B179A7C6365}"
EndProject
Project("{2150E333-8FDC-42A3-9474-1A3956D46DE8}") = "Movil", "Movil", "{F8B7FD01-9690-4B31-AE0B-5320090877A1}"
EndProject
Project("{9A19103F-16F7-4668-BE54-9A1E7A4F7556}") = "AppDesktop", "AppDesktop\AppDesktop.csproj", "{1B10EE14-3225-4C8F-BE8D-CC6E76AF4D59}"
EndProject
Project("{FAE04EC0-301F-11D3-BF4B-00C04F79EFBC}") = "AppMovil.Android", "AppMovil\AppMovil.Android\AppMovil.Android.csproj", "{702A8E40-08FC-4414-BE2F-C34BDC61338D}"
EndProject
Project("{FAE04EC0-301F-11D3-BF4B-00C04F79EFBC}") = "AppMovil.iOS", "AppMovil\AppMovil.iOS\AppMovil.iOS.csproj", "{15202491-365C-4A87-881F-8F6C9E16A41F}"
EndProject
Project("{9A19103F-16F7-4668-BE54-9A1E7A4F7556}") = "AppMovil", "AppMovil\AppMovil\AppMovil.csproj", "{44721869-661C-4FF1-94F2-897F8A83C608}"
EndProject
Project("{9A19103F-16F7-4668-BE54-9A1E7A4F7556}") = "CoreApp", "CoreApp\CoreApp.csproj", "{47640C8E-DACC-46E5-AFC0-C9AEA93DD390}"
EndProject
Project("{FAE04EC0-301F-11D3-BF4B-00C04F79EFBC}") = "AspMVCApp", "AspMVCApp\AspMVCApp.csproj", "{3CEFA3B6-91AE-412A-8EBF-4B924D9B373B}"
EndProject
Project("{FAE04EC0-301F-11D3-BF4B-00C04F79EFBC}") = "AspApp", "AspApp\AspApp.csproj", "{F539EA98-B2E8-47C2-9955-D1242FE77C31}"
EndProject
Project("{FAE04EC0-301F-11D3-BF4B-00C04F79EFBC}") = "BlazorApp", "BlazorApp\BlazorApp.csproj", "{12000ACC-A4AF-4FAC-80FB-62A4A96AF716}"
EndProject
Global
	GlobalSection(SolutionConfigurationPlatforms) = preSolution
		Debug|Any CPU = Debug|Any CPU
		Debug|iPhone = Debug|iPhone
		Debug|iPhoneSimulator = Debug|iPhoneSimulator
		Release|Any CPU = Release|Any CPU
		Release|iPhone = Release|iPhone
		Release|iPhoneSimulator = Release|iPhoneSimulator
	EndGlobalSection
	GlobalSection(ProjectConfigurationPlatforms) = postSolution
		{1B10EE14-3225-4C8F-BE8D-CC6E76AF4D59}.Debug|Any CPU.ActiveCfg = Debug|Any CPU
		{1B10EE14-3225-4C8F-BE8D-CC6E76AF4D59}.Debug|Any CPU.Build.0 = Debug|Any CPU
		{1B10EE14-3225-4C8F-BE8D-CC6E76AF4D59}.Debug|iPhone.ActiveCfg = Debug|Any CPU
		{1B10EE14-3225-4C8F-BE8D-CC6E76AF4D59}.Debug|iPhone.Build.0 = Debug|Any CPU
		{1B10EE14-3225-4C8F-BE8D-CC6E76AF4D59}.Debug|iPhoneSimulator.ActiveCfg = Debug|Any CPU
		{1B10EE14-3225-4C8F-BE8D-CC6E76AF4D59}.Debug|iPhoneSimulator.Build.0 = Debug|Any CPU
		{1B10EE14-3225-4C8F-BE8D-CC6E76AF4D59}.Release|Any CPU.ActiveCfg = Release|Any CPU
		{1B10EE14-3225-4C8F-BE8D-CC6E76AF4D59}.Release|Any CPU.Build.0 = Release|Any CPU
		{1B10EE14-3225-4C8F-BE8D-CC6E76AF4D59}.Release|iPhone.ActiveCfg = Release|Any CPU
		{1B10EE14-3225-4C8F-BE8D-CC6E76AF4D59}.Release|iPhone.Build.0 = Release|Any CPU
		{1B10EE14-3225-4C8F-BE8D-CC6E76AF4D59}.Release|iPhoneSimulator.ActiveCfg = Release|Any CPU
		{1B10EE14-3225-4C8F-BE8D-CC6E76AF4D59}.Release|iPhoneSimulator.Build.0 = Release|Any CPU
		{702A8E40-08FC-4414-BE2F-C34BDC61338D}.Debug|Any CPU.ActiveCfg = Debug|Any CPU
		{702A8E40-08FC-4414-BE2F-C34BDC61338D}.Debug|Any CPU.Build.0 = Debug|Any CPU
		{702A8E40-08FC-4414-BE2F-C34BDC61338D}.Debug|Any CPU.Deploy.0 = Debug|Any CPU
		{702A8E40-08FC-4414-BE2F-C34BDC61338D}.Debug|iPhone.ActiveCfg = Debug|Any CPU
		{702A8E40-08FC-4414-BE2F-C34BDC61338D}.Debug|iPhone.Build.0 = Debug|Any CPU
		{702A8E40-08FC-4414-BE2F-C34BDC61338D}.Debug|iPhone.Deploy.0 = Debug|Any CPU
		{702A8E40-08FC-4414-BE2F-C34BDC61338D}.Debug|iPhoneSimulator.ActiveCfg = Debug|Any CPU
		{702A8E40-08FC-4414-BE2F-C34BDC61338D}.Debug|iPhoneSimulator.Build.0 = Debug|Any CPU
		{702A8E40-08FC-4414-BE2F-C34BDC61338D}.Debug|iPhoneSimulator.Deploy.0 = Debug|Any CPU
		{702A8E40-08FC-4414-BE2F-C34BDC61338D}.Release|Any CPU.ActiveCfg = Release|Any CPU
		{702A8E40-08FC-4414-BE2F-C34BDC61338D}.Release|Any CPU.Build.0 = Release|Any CPU
		{702A8E40-08FC-4414-BE2F-C34BDC61338D}.Release|Any CPU.Deploy.0 = Release|Any CPU
		{702A8E40-08FC-4414-BE2F-C34BDC61338D}.Release|iPhone.ActiveCfg = Release|Any CPU
		{702A8E40-08FC-4414-BE2F-C34BDC61338D}.Release|iPhone.Build.0 = Release|Any CPU
		{702A8E40-08FC-4414-BE2F-C34BDC61338D}.Release|iPhone.Deploy.0 = Release|Any CPU
		{702A8E40-08FC-4414-BE2F-C34BDC61338D}.Release|iPhoneSimulator.ActiveCfg = Release|Any CPU
		{702A8E40-08FC-4414-BE2F-C34BDC61338D}.Release|iPhoneSimulator.Build.0 = Release|Any CPU
		{702A8E40-08FC-4414-BE2F-C34BDC61338D}.Release|iPhoneSimulator.Deploy.0 = Release|Any CPU
		{15202491-365C-4A87-881F-8F6C9E16A41F}.Debug|Any CPU.ActiveCfg = Debug|iPhoneSimulator
		{15202491-365C-4A87-881F-8F6C9E16A41F}.Debug|iPhone.ActiveCfg = Debug|iPhone
		{15202491-365C-4A87-881F-8F6C9E16A41F}.Debug|iPhone.Build.0 = Debug|iPhone
		{15202491-365C-4A87-881F-8F6C9E16A41F}.Debug|iPhoneSimulator.ActiveCfg = Debug|iPhoneSimulator
		{15202491-365C-4A87-881F-8F6C9E16A41F}.Debug|iPhoneSimulator.Build.0 = Debug|iPhoneSimulator
		{15202491-365C-4A87-881F-8F6C9E16A41F}.Release|Any CPU.ActiveCfg = Release|iPhoneSimulator
		{15202491-365C-4A87-881F-8F6C9E16A41F}.Release|iPhone.ActiveCfg = Release|iPhone
		{15202491-365C-4A87-881F-8F6C9E16A41F}.Release|iPhone.Build.0 = Release|iPhone
		{15202491-365C-4A87-881F-8F6C9E16A41F}.Release|iPhoneSimulator.ActiveCfg = Release|iPhoneSimulator
		{15202491-365C-4A87-881F-8F6C9E16A41F}.Release|iPhoneSimulator.Build.0 = Release|iPhoneSimulator
		{44721869-661C-4FF1-94F2-897F8A83C608}.Debug|Any CPU.ActiveCfg = Debug|Any CPU
		{44721869-661C-4FF1-94F2-897F8A83C608}.Debug|Any CPU.Build.0 = Debug|Any CPU
		{44721869-661C-4FF1-94F2-897F8A83C608}.Debug|iPhone.ActiveCfg = Debug|Any CPU
		{44721869-661C-4FF1-94F2-897F8A83C608}.Debug|iPhone.Build.0 = Debug|Any CPU
		{44721869-661C-4FF1-94F2-897F8A83C608}.Debug|iPhoneSimulator.ActiveCfg = Debug|Any CPU
		{44721869-661C-4FF1-94F2-897F8A83C608}.Debug|iPhoneSimulator.Build.0 = Debug|Any CPU
		{44721869-661C-4FF1-94F2-897F8A83C608}.Release|Any CPU.ActiveCfg = Release|Any CPU
		{44721869-661C-4FF1-94F2-897F8A83C608}.Release|Any CPU.Build.0 = Release|Any CPU
		{44721869-661C-4FF1-94F2-897F8A83C608}.Release|iPhone.ActiveCfg = Release|Any CPU
		{44721869-661C-4FF1-94F2-897F8A83C608}.Release|iPhone.Build.0 = Release|Any CPU
		{44721869-661C-4FF1-94F2-897F8A83C608}.Release|iPhoneSimulator.ActiveCfg = Release|Any CPU
		{44721869-661C-4FF1-94F2-897F8A83C608}.Release|iPhoneSimulator.Build.0 = Release|Any CPU
		{47640C8E-DACC-46E5-AFC0-C9AEA93DD390}.Debug|Any CPU.ActiveCfg = Debug|Any CPU
		{47640C8E-DACC-46E5-AFC0-C9AEA93DD390}.Debug|Any CPU.Build.0 = Debug|Any CPU
		{47640C8E-DACC-46E5-AFC0-C9AEA93DD390}.Debug|iPhone.ActiveCfg = Debug|Any CPU
		{47640C8E-DACC-46E5-AFC0-C9AEA93DD390}.Debug|iPhone.Build.0 = Debug|Any CPU
		{47640C8E-DACC-46E5-AFC0-C9AEA93DD390}.Debug|iPhoneSimulator.ActiveCfg = Debug|Any CPU
		{47640C8E-DACC-46E5-AFC0-C9AEA93DD390}.Debug|iPhoneSimulator.Build.0 = Debug|Any CPU
		{47640C8E-DACC-46E5-AFC0-C9AEA93DD390}.Release|Any CPU.ActiveCfg = Release|Any CPU
		{47640C8E-DACC-46E5-AFC0-C9AEA93DD390}.Release|Any CPU.Build.0 = Release|Any CPU
		{47640C8E-DACC-46E5-AFC0-C9AEA93DD390}.Release|iPhone.ActiveCfg = Release|Any CPU
		{47640C8E-DACC-46E5-AFC0-C9AEA93DD390}.Release|iPhone.Build.0 = Release|Any CPU
		{47640C8E-DACC-46E5-AFC0-C9AEA93DD390}.Release|iPhoneSimulator.ActiveCfg = Release|Any CPU
		{47640C8E-DACC-46E5-AFC0-C9AEA93DD390}.Release|iPhoneSimulator.Build.0 = Release|Any CPU
		{3CEFA3B6-91AE-412A-8EBF-4B924D9B373B}.Debug|Any CPU.ActiveCfg = Debug|Any CPU
		{3CEFA3B6-91AE-412A-8EBF-4B924D9B373B}.Debug|Any CPU.Build.0 = Debug|Any CPU
		{3CEFA3B6-91AE-412A-8EBF-4B924D9B373B}.Debug|iPhone.ActiveCfg = Debug|Any CPU
		{3CEFA3B6-91AE-412A-8EBF-4B924D9B373B}.Debug|iPhone.Build.0 = Debug|Any CPU
		{3CEFA3B6-91AE-412A-8EBF-4B924D9B373B}.Debug|iPhoneSimulator.ActiveCfg = Debug|Any CPU
		{3CEFA3B6-91AE-412A-8EBF-4B924D9B373B}.Debug|iPhoneSimulator.Build.0 = Debug|Any CPU
		{3CEFA3B6-91AE-412A-8EBF-4B924D9B373B}.Release|Any CPU.ActiveCfg = Release|Any CPU
		{3CEFA3B6-91AE-412A-8EBF-4B924D9B373B}.Release|Any CPU.Build.0 = Release|Any CPU
		{3CEFA3B6-91AE-412A-8EBF-4B924D9B373B}.Release|iPhone.ActiveCfg = Release|Any CPU
		{3CEFA3B6-91AE-412A-8EBF-4B924D9B373B}.Release|iPhone.Build.0 = Release|Any CPU
		{3CEFA3B6-91AE-412A-8EBF-4B924D9B373B}.Release|iPhoneSimulator.ActiveCfg = Release|Any CPU
		{3CEFA3B6-91AE-412A-8EBF-4B924D9B373B}.Release|iPhoneSimulator.Build.0 = Release|Any CPU
		{F539EA98-B2E8-47C2-9955-D1242FE77C31}.Debug|Any CPU.ActiveCfg = Debug|Any CPU
		{F539EA98-B2E8-47C2-9955-D1242FE77C31}.Debug|Any CPU.Build.0 = Debug|Any CPU
		{F539EA98-B2E8-47C2-9955-D1242FE77C31}.Debug|iPhone.ActiveCfg = Debug|Any CPU
		{F539EA98-B2E8-47C2-9955-D1242FE77C31}.Debug|iPhone.Build.0 = Debug|Any CPU
		{F539EA98-B2E8-47C2-9955-D1242FE77C31}.Debug|iPhoneSimulator.ActiveCfg = Debug|Any CPU
		{F539EA98-B2E8-47C2-9955-D1242FE77C31}.Debug|iPhoneSimulator.Build.0 = Debug|Any CPU
		{F539EA98-B2E8-47C2-9955-D1242FE77C31}.Release|Any CPU.ActiveCfg = Release|Any CPU
		{F539EA98-B2E8-47C2-9955-D1242FE77C31}.Release|Any CPU.Build.0 = Release|Any CPU
		{F539EA98-B2E8-47C2-9955-D1242FE77C31}.Release|iPhone.ActiveCfg = Release|Any CPU
		{F539EA98-B2E8-47C2-9955-D1242FE77C31}.Release|iPhone.Build.0 = Release|Any CPU
		{F539EA98-B2E8-47C2-9955-D1242FE77C31}.Release|iPhoneSimulator.ActiveCfg = Release|Any CPU
		{F539EA98-B2E8-47C2-9955-D1242FE77C31}.Release|iPhoneSimulator.Build.0 = Release|Any CPU
		{12000ACC-A4AF-4FAC-80FB-62A4A96AF716}.Debug|Any CPU.ActiveCfg = Debug|Any CPU
		{12000ACC-A4AF-4FAC-80FB-62A4A96AF716}.Debug|Any CPU.Build.0 = Debug|Any CPU
		{12000ACC-A4AF-4FAC-80FB-62A4A96AF716}.Debug|iPhone.ActiveCfg = Debug|Any CPU
		{12000ACC-A4AF-4FAC-80FB-62A4A96AF716}.Debug|iPhone.Build.0 = Debug|Any CPU
		{12000ACC-A4AF-4FAC-80FB-62A4A96AF716}.Debug|iPhoneSimulator.ActiveCfg = Debug|Any CPU
		{12000ACC-A4AF-4FAC-80FB-62A4A96AF716}.Debug|iPhoneSimulator.Build.0 = Debug|Any CPU
		{12000ACC-A4AF-4FAC-80FB-62A4A96AF716}.Release|Any CPU.ActiveCfg = Release|Any CPU
		{12000ACC-A4AF-4FAC-80FB-62A4A96AF716}.Release|Any CPU.Build.0 = Release|Any CPU
		{12000ACC-A4AF-4FAC-80FB-62A4A96AF716}.Release|iPhone.ActiveCfg = Release|Any CPU
		{12000ACC-A4AF-4FAC-80FB-62A4A96AF716}.Release|iPhone.Build.0 = Release|Any CPU
		{12000ACC-A4AF-4FAC-80FB-62A4A96AF716}.Release|iPhoneSimulator.ActiveCfg = Release|Any CPU
		{12000ACC-A4AF-4FAC-80FB-62A4A96AF716}.Release|iPhoneSimulator.Build.0 = Release|Any CPU
	EndGlobalSection
	GlobalSection(SolutionProperties) = preSolution
		HideSolutionNode = FALSE
	EndGlobalSection
	GlobalSection(NestedProjects) = preSolution
		{1B10EE14-3225-4C8F-BE8D-CC6E76AF4D59} = {F83C672E-A566-4647-A6A8-DC079B7C6BBA}
		{702A8E40-08FC-4414-BE2F-C34BDC61338D} = {F8B7FD01-9690-4B31-AE0B-5320090877A1}
		{15202491-365C-4A87-881F-8F6C9E16A41F} = {F8B7FD01-9690-4B31-AE0B-5320090877A1}
		{44721869-661C-4FF1-94F2-897F8A83C608} = {F8B7FD01-9690-4B31-AE0B-5320090877A1}
		{3CEFA3B6-91AE-412A-8EBF-4B924D9B373B} = {EEA60D45-EC49-4040-B2A2-0B179A7C6365}
		{F539EA98-B2E8-47C2-9955-D1242FE77C31} = {EEA60D45-EC49-4040-B2A2-0B179A7C6365}
		{12000ACC-A4AF-4FAC-80FB-62A4A96AF716} = {EEA60D45-EC49-4040-B2A2-0B179A7C6365}
	EndGlobalSection
	GlobalSection(ExtensibilityGlobals) = postSolution
		SolutionGuid = {A44B1E3F-968E-4E8B-8A6E-8D54B6684593}
	EndGlobalSection
EndGlobal
